// !$*UTF8*$!
{
	archiveVersion = 1;
	classes = {
	};
	objectVersion = 51;
	objects = {

/* Begin PBXBuildFile section */
		2ACAD63873385B504F354E91 /* Pods_CalorieTrackerTests.framework in Frameworks */ = {isa = PBXBuildFile; fileRef = 4047A9DA6F56FD0277819627 /* Pods_CalorieTrackerTests.framework */; };
		881680B8246BCCB500C76A2E /* FoodCell.swift in Sources */ = {isa = PBXBuildFile; fileRef = 881680B7246BCCB500C76A2E /* FoodCell.swift */; };
		881680BB246BD14C00C76A2E /* AddFoodTodayViewController.swift in Sources */ = {isa = PBXBuildFile; fileRef = 881680BA246BD14C00C76A2E /* AddFoodTodayViewController.swift */; };
		8822BF8A246B425300B73961 /* MyFoodViewControllerViewModel.swift in Sources */ = {isa = PBXBuildFile; fileRef = 8822BF89246B425300B73961 /* MyFoodViewControllerViewModel.swift */; };
		8822BF8C246B725A00B73961 /* PersistanceService.swift in Sources */ = {isa = PBXBuildFile; fileRef = 8822BF8B246B725A00B73961 /* PersistanceService.swift */; };
		8822BF8F246B752800B73961 /* Food+CoreDataClass.swift in Sources */ = {isa = PBXBuildFile; fileRef = 8822BF8D246B752800B73961 /* Food+CoreDataClass.swift */; };
		8822BF90246B752800B73961 /* Food+CoreDataProperties.swift in Sources */ = {isa = PBXBuildFile; fileRef = 8822BF8E246B752800B73961 /* Food+CoreDataProperties.swift */; };
		8826C0F1246B1354005D4D08 /* TrendsViewController.swift in Sources */ = {isa = PBXBuildFile; fileRef = 8826C0F0246B1354005D4D08 /* TrendsViewController.swift */; };
		8826C0F3246B1360005D4D08 /* TodayViewController.swift in Sources */ = {isa = PBXBuildFile; fileRef = 8826C0F2246B1360005D4D08 /* TodayViewController.swift */; };
		884C85FF246DFCCC00F86396 /* TableViewExtensions.swift in Sources */ = {isa = PBXBuildFile; fileRef = 884C85FE246DFCCC00F86396 /* TableViewExtensions.swift */; };
		8858458A246B0C60008BF66A /* AppDelegate.swift in Sources */ = {isa = PBXBuildFile; fileRef = 88584589246B0C60008BF66A /* AppDelegate.swift */; };
		8858458C246B0C60008BF66A /* SceneDelegate.swift in Sources */ = {isa = PBXBuildFile; fileRef = 8858458B246B0C60008BF66A /* SceneDelegate.swift */; };
		8858458E246B0C60008BF66A /* MyFoodViewController.swift in Sources */ = {isa = PBXBuildFile; fileRef = 8858458D246B0C60008BF66A /* MyFoodViewController.swift */; };
		88584591246B0C60008BF66A /* Main.storyboard in Resources */ = {isa = PBXBuildFile; fileRef = 8858458F246B0C60008BF66A /* Main.storyboard */; };
		88584594246B0C60008BF66A /* CalorieTracker.xcdatamodeld in Sources */ = {isa = PBXBuildFile; fileRef = 88584592246B0C60008BF66A /* CalorieTracker.xcdatamodeld */; };
		88584596246B0C61008BF66A /* Assets.xcassets in Resources */ = {isa = PBXBuildFile; fileRef = 88584595246B0C61008BF66A /* Assets.xcassets */; };
		88584599246B0C61008BF66A /* LaunchScreen.storyboard in Resources */ = {isa = PBXBuildFile; fileRef = 88584597246B0C61008BF66A /* LaunchScreen.storyboard */; };
		885845A4246B0C61008BF66A /* CalorieTrackerTests.swift in Sources */ = {isa = PBXBuildFile; fileRef = 885845A3246B0C61008BF66A /* CalorieTrackerTests.swift */; };
		885845AF246B0C61008BF66A /* CalorieTrackerUITests.swift in Sources */ = {isa = PBXBuildFile; fileRef = 885845AE246B0C61008BF66A /* CalorieTrackerUITests.swift */; };
		885845BD246B0D3F008BF66A /* MyFood.storyboard in Resources */ = {isa = PBXBuildFile; fileRef = 885845BC246B0D3F008BF66A /* MyFood.storyboard */; };
		885845BF246B0D90008BF66A /* Today.storyboard in Resources */ = {isa = PBXBuildFile; fileRef = 885845BE246B0D90008BF66A /* Today.storyboard */; };
		885845C1246B0DD6008BF66A /* Trends.storyboard in Resources */ = {isa = PBXBuildFile; fileRef = 885845C0246B0DD6008BF66A /* Trends.storyboard */; };
		889C2557246CC4D000C51257 /* TrendsViewModel.swift in Sources */ = {isa = PBXBuildFile; fileRef = 889C2556246CC4D000C51257 /* TrendsViewModel.swift */; };
		88BE4797246B3FDD00728B13 /* AddFoodViewController.swift in Sources */ = {isa = PBXBuildFile; fileRef = 88BE4796246B3FDD00728B13 /* AddFoodViewController.swift */; };
		88C6F5C3246B88BF0098D66D /* TodayViewModel.swift in Sources */ = {isa = PBXBuildFile; fileRef = 88C6F5C2246B88BF0098D66D /* TodayViewModel.swift */; };
		88D4293A246D2DB2007F6AF6 /* TextFieldBulletinPage.swift in Sources */ = {isa = PBXBuildFile; fileRef = 88D42939246D2DB2007F6AF6 /* TextFieldBulletinPage.swift */; };
		88D4293C246D2DC7007F6AF6 /* FeedbackPageBulletinItem.swift in Sources */ = {isa = PBXBuildFile; fileRef = 88D4293B246D2DC7007F6AF6 /* FeedbackPageBulletinItem.swift */; };
		88D4293E246D2DFF007F6AF6 /* FeedbackGenerators.swift in Sources */ = {isa = PBXBuildFile; fileRef = 88D4293D246D2DFF007F6AF6 /* FeedbackGenerators.swift */; };
		88D42941246DBBFD007F6AF6 /* TitleStackView.swift in Sources */ = {isa = PBXBuildFile; fileRef = 88D42940246DBBFD007F6AF6 /* TitleStackView.swift */; };
		88D42943246DBC2D007F6AF6 /* UIViewExtensions.swift in Sources */ = {isa = PBXBuildFile; fileRef = 88D42942246DBC2D007F6AF6 /* UIViewExtensions.swift */; };
		88D42946246DBC60007F6AF6 /* StringExtensions.swift in Sources */ = {isa = PBXBuildFile; fileRef = 88D42945246DBC60007F6AF6 /* StringExtensions.swift */; };
		88D42948246DBCFE007F6AF6 /* UIColorExtensions.swift in Sources */ = {isa = PBXBuildFile; fileRef = 88D42947246DBCFE007F6AF6 /* UIColorExtensions.swift */; };
		88D4294A246DF1F2007F6AF6 /* PageController.swift in Sources */ = {isa = PBXBuildFile; fileRef = 88D42949246DF1F1007F6AF6 /* PageController.swift */; };
		88D4294C246DF214007F6AF6 /* Page.swift in Sources */ = {isa = PBXBuildFile; fileRef = 88D4294B246DF214007F6AF6 /* Page.swift */; };
		88D4294E246DF217007F6AF6 /* PageCell.swift in Sources */ = {isa = PBXBuildFile; fileRef = 88D4294D246DF217007F6AF6 /* PageCell.swift */; };
		88FDA3B8246C55E8006D2EB1 /* TodaySummaryCell.swift in Sources */ = {isa = PBXBuildFile; fileRef = 88FDA3B7246C55E8006D2EB1 /* TodaySummaryCell.swift */; };
		88FDA3BD246C8320006D2EB1 /* HealthKit.framework in Frameworks */ = {isa = PBXBuildFile; fileRef = 88FDA3BC246C8320006D2EB1 /* HealthKit.framework */; };
		88FDA3C1246C9B5C006D2EB1 /* Podfile in Resources */ = {isa = PBXBuildFile; fileRef = 88FDA3C0246C9B5B006D2EB1 /* Podfile */; };
		C97E27348DE5B824DB2D72CC /* Pods_CalorieTracker.framework in Frameworks */ = {isa = PBXBuildFile; fileRef = B870022B9916C7AF8A291ABB /* Pods_CalorieTracker.framework */; };
		D283394C32712B7C35CDCBFB /* Pods_CalorieTracker_CalorieTrackerUITests.framework in Frameworks */ = {isa = PBXBuildFile; fileRef = C7FB1708383B55922CD29C74 /* Pods_CalorieTracker_CalorieTrackerUITests.framework */; };
/* End PBXBuildFile section */

/* Begin PBXContainerItemProxy section */
		885845A0246B0C61008BF66A /* PBXContainerItemProxy */ = {
			isa = PBXContainerItemProxy;
			containerPortal = 8858457E246B0C60008BF66A /* Project object */;
			proxyType = 1;
			remoteGlobalIDString = 88584585246B0C60008BF66A;
			remoteInfo = CalorieTracker;
		};
		885845AB246B0C61008BF66A /* PBXContainerItemProxy */ = {
			isa = PBXContainerItemProxy;
			containerPortal = 8858457E246B0C60008BF66A /* Project object */;
			proxyType = 1;
			remoteGlobalIDString = 88584585246B0C60008BF66A;
			remoteInfo = CalorieTracker;
		};
/* End PBXContainerItemProxy section */

/* Begin PBXFileReference section */
		30735E5EB0D8DB587FF69ABD /* Pods-CalorieTracker.debug.xcconfig */ = {isa = PBXFileReference; includeInIndex = 1; lastKnownFileType = text.xcconfig; name = "Pods-CalorieTracker.debug.xcconfig"; path = "Target Support Files/Pods-CalorieTracker/Pods-CalorieTracker.debug.xcconfig"; sourceTree = "<group>"; };
		334F3EAB136DB67C49752307 /* Pods-CalorieTracker-CalorieTrackerUITests.debug.xcconfig */ = {isa = PBXFileReference; includeInIndex = 1; lastKnownFileType = text.xcconfig; name = "Pods-CalorieTracker-CalorieTrackerUITests.debug.xcconfig"; path = "Target Support Files/Pods-CalorieTracker-CalorieTrackerUITests/Pods-CalorieTracker-CalorieTrackerUITests.debug.xcconfig"; sourceTree = "<group>"; };
		4047A9DA6F56FD0277819627 /* Pods_CalorieTrackerTests.framework */ = {isa = PBXFileReference; explicitFileType = wrapper.framework; includeInIndex = 0; path = Pods_CalorieTrackerTests.framework; sourceTree = BUILT_PRODUCTS_DIR; };
		564640520091AFB0412DADBD /* Pods-CalorieTracker-CalorieTrackerUITests.release.xcconfig */ = {isa = PBXFileReference; includeInIndex = 1; lastKnownFileType = text.xcconfig; name = "Pods-CalorieTracker-CalorieTrackerUITests.release.xcconfig"; path = "Target Support Files/Pods-CalorieTracker-CalorieTrackerUITests/Pods-CalorieTracker-CalorieTrackerUITests.release.xcconfig"; sourceTree = "<group>"; };
		7337C0AA83F3A976520BEDAD /* Pods-CalorieTracker.release.xcconfig */ = {isa = PBXFileReference; includeInIndex = 1; lastKnownFileType = text.xcconfig; name = "Pods-CalorieTracker.release.xcconfig"; path = "Target Support Files/Pods-CalorieTracker/Pods-CalorieTracker.release.xcconfig"; sourceTree = "<group>"; };
		881680B7246BCCB500C76A2E /* FoodCell.swift */ = {isa = PBXFileReference; lastKnownFileType = sourcecode.swift; path = FoodCell.swift; sourceTree = "<group>"; };
		881680BA246BD14C00C76A2E /* AddFoodTodayViewController.swift */ = {isa = PBXFileReference; lastKnownFileType = sourcecode.swift; path = AddFoodTodayViewController.swift; sourceTree = "<group>"; };
		8822BF89246B425300B73961 /* MyFoodViewControllerViewModel.swift */ = {isa = PBXFileReference; lastKnownFileType = sourcecode.swift; path = MyFoodViewControllerViewModel.swift; sourceTree = "<group>"; };
		8822BF8B246B725A00B73961 /* PersistanceService.swift */ = {isa = PBXFileReference; lastKnownFileType = sourcecode.swift; path = PersistanceService.swift; sourceTree = "<group>"; };
		8822BF8D246B752800B73961 /* Food+CoreDataClass.swift */ = {isa = PBXFileReference; lastKnownFileType = sourcecode.swift; path = "Food+CoreDataClass.swift"; sourceTree = "<group>"; };
		8822BF8E246B752800B73961 /* Food+CoreDataProperties.swift */ = {isa = PBXFileReference; lastKnownFileType = sourcecode.swift; path = "Food+CoreDataProperties.swift"; sourceTree = "<group>"; };
		8826C0F0246B1354005D4D08 /* TrendsViewController.swift */ = {isa = PBXFileReference; lastKnownFileType = sourcecode.swift; path = TrendsViewController.swift; sourceTree = "<group>"; };
		8826C0F2246B1360005D4D08 /* TodayViewController.swift */ = {isa = PBXFileReference; lastKnownFileType = sourcecode.swift; path = TodayViewController.swift; sourceTree = "<group>"; };
		884C85FE246DFCCC00F86396 /* TableViewExtensions.swift */ = {isa = PBXFileReference; lastKnownFileType = sourcecode.swift; path = TableViewExtensions.swift; sourceTree = "<group>"; };
		88584586246B0C60008BF66A /* CalorieTracker.app */ = {isa = PBXFileReference; explicitFileType = wrapper.application; includeInIndex = 0; path = CalorieTracker.app; sourceTree = BUILT_PRODUCTS_DIR; };
		88584589246B0C60008BF66A /* AppDelegate.swift */ = {isa = PBXFileReference; lastKnownFileType = sourcecode.swift; path = AppDelegate.swift; sourceTree = "<group>"; };
		8858458B246B0C60008BF66A /* SceneDelegate.swift */ = {isa = PBXFileReference; lastKnownFileType = sourcecode.swift; path = SceneDelegate.swift; sourceTree = "<group>"; };
		8858458D246B0C60008BF66A /* MyFoodViewController.swift */ = {isa = PBXFileReference; lastKnownFileType = sourcecode.swift; path = MyFoodViewController.swift; sourceTree = "<group>"; };
		88584590246B0C60008BF66A /* Base */ = {isa = PBXFileReference; lastKnownFileType = file.storyboard; name = Base; path = Base.lproj/Main.storyboard; sourceTree = "<group>"; };
		88584593246B0C60008BF66A /* CalorieTracker.xcdatamodel */ = {isa = PBXFileReference; lastKnownFileType = wrapper.xcdatamodel; path = CalorieTracker.xcdatamodel; sourceTree = "<group>"; };
		88584595246B0C61008BF66A /* Assets.xcassets */ = {isa = PBXFileReference; lastKnownFileType = folder.assetcatalog; path = Assets.xcassets; sourceTree = "<group>"; };
		88584598246B0C61008BF66A /* Base */ = {isa = PBXFileReference; lastKnownFileType = file.storyboard; name = Base; path = Base.lproj/LaunchScreen.storyboard; sourceTree = "<group>"; };
		8858459A246B0C61008BF66A /* Info.plist */ = {isa = PBXFileReference; lastKnownFileType = text.plist.xml; path = Info.plist; sourceTree = "<group>"; };
		8858459F246B0C61008BF66A /* CalorieTrackerTests.xctest */ = {isa = PBXFileReference; explicitFileType = wrapper.cfbundle; includeInIndex = 0; path = CalorieTrackerTests.xctest; sourceTree = BUILT_PRODUCTS_DIR; };
		885845A3246B0C61008BF66A /* CalorieTrackerTests.swift */ = {isa = PBXFileReference; lastKnownFileType = sourcecode.swift; path = CalorieTrackerTests.swift; sourceTree = "<group>"; };
		885845A5246B0C61008BF66A /* Info.plist */ = {isa = PBXFileReference; lastKnownFileType = text.plist.xml; path = Info.plist; sourceTree = "<group>"; };
		885845AA246B0C61008BF66A /* CalorieTrackerUITests.xctest */ = {isa = PBXFileReference; explicitFileType = wrapper.cfbundle; includeInIndex = 0; path = CalorieTrackerUITests.xctest; sourceTree = BUILT_PRODUCTS_DIR; };
		885845AE246B0C61008BF66A /* CalorieTrackerUITests.swift */ = {isa = PBXFileReference; lastKnownFileType = sourcecode.swift; path = CalorieTrackerUITests.swift; sourceTree = "<group>"; };
		885845B0246B0C61008BF66A /* Info.plist */ = {isa = PBXFileReference; lastKnownFileType = text.plist.xml; path = Info.plist; sourceTree = "<group>"; };
		885845BC246B0D3F008BF66A /* MyFood.storyboard */ = {isa = PBXFileReference; lastKnownFileType = file.storyboard; path = MyFood.storyboard; sourceTree = "<group>"; };
		885845BE246B0D90008BF66A /* Today.storyboard */ = {isa = PBXFileReference; lastKnownFileType = file.storyboard; path = Today.storyboard; sourceTree = "<group>"; };
		885845C0246B0DD6008BF66A /* Trends.storyboard */ = {isa = PBXFileReference; lastKnownFileType = file.storyboard; path = Trends.storyboard; sourceTree = "<group>"; };
		889C2556246CC4D000C51257 /* TrendsViewModel.swift */ = {isa = PBXFileReference; lastKnownFileType = sourcecode.swift; path = TrendsViewModel.swift; sourceTree = "<group>"; };
		88BE4796246B3FDD00728B13 /* AddFoodViewController.swift */ = {isa = PBXFileReference; lastKnownFileType = sourcecode.swift; path = AddFoodViewController.swift; sourceTree = "<group>"; };
		88C6F5C2246B88BF0098D66D /* TodayViewModel.swift */ = {isa = PBXFileReference; lastKnownFileType = sourcecode.swift; path = TodayViewModel.swift; sourceTree = "<group>"; };
		88D42939246D2DB2007F6AF6 /* TextFieldBulletinPage.swift */ = {isa = PBXFileReference; fileEncoding = 4; lastKnownFileType = sourcecode.swift; path = TextFieldBulletinPage.swift; sourceTree = "<group>"; };
		88D4293B246D2DC7007F6AF6 /* FeedbackPageBulletinItem.swift */ = {isa = PBXFileReference; fileEncoding = 4; lastKnownFileType = sourcecode.swift; path = FeedbackPageBulletinItem.swift; sourceTree = "<group>"; };
		88D4293D246D2DFF007F6AF6 /* FeedbackGenerators.swift */ = {isa = PBXFileReference; fileEncoding = 4; lastKnownFileType = sourcecode.swift; path = FeedbackGenerators.swift; sourceTree = "<group>"; };
		88D42940246DBBFD007F6AF6 /* TitleStackView.swift */ = {isa = PBXFileReference; lastKnownFileType = sourcecode.swift; path = TitleStackView.swift; sourceTree = "<group>"; };
		88D42942246DBC2D007F6AF6 /* UIViewExtensions.swift */ = {isa = PBXFileReference; lastKnownFileType = sourcecode.swift; path = UIViewExtensions.swift; sourceTree = "<group>"; };
		88D42945246DBC60007F6AF6 /* StringExtensions.swift */ = {isa = PBXFileReference; lastKnownFileType = sourcecode.swift; path = StringExtensions.swift; sourceTree = "<group>"; };
		88D42947246DBCFE007F6AF6 /* UIColorExtensions.swift */ = {isa = PBXFileReference; lastKnownFileType = sourcecode.swift; path = UIColorExtensions.swift; sourceTree = "<group>"; };
		88D42949246DF1F1007F6AF6 /* PageController.swift */ = {isa = PBXFileReference; fileEncoding = 4; lastKnownFileType = sourcecode.swift; path = PageController.swift; sourceTree = "<group>"; };
		88D4294B246DF214007F6AF6 /* Page.swift */ = {isa = PBXFileReference; fileEncoding = 4; lastKnownFileType = sourcecode.swift; path = Page.swift; sourceTree = "<group>"; };
		88D4294D246DF217007F6AF6 /* PageCell.swift */ = {isa = PBXFileReference; fileEncoding = 4; lastKnownFileType = sourcecode.swift; path = PageCell.swift; sourceTree = "<group>"; };
		88FDA3B7246C55E8006D2EB1 /* TodaySummaryCell.swift */ = {isa = PBXFileReference; lastKnownFileType = sourcecode.swift; path = TodaySummaryCell.swift; sourceTree = "<group>"; };
		88FDA3BA246C8320006D2EB1 /* CalorieTracker.entitlements */ = {isa = PBXFileReference; lastKnownFileType = text.plist.entitlements; path = CalorieTracker.entitlements; sourceTree = "<group>"; };
		88FDA3BC246C8320006D2EB1 /* HealthKit.framework */ = {isa = PBXFileReference; lastKnownFileType = wrapper.framework; name = HealthKit.framework; path = System/Library/Frameworks/HealthKit.framework; sourceTree = SDKROOT; };
		88FDA3C0246C9B5B006D2EB1 /* Podfile */ = {isa = PBXFileReference; fileEncoding = 4; lastKnownFileType = text; path = Podfile; sourceTree = SOURCE_ROOT; xcLanguageSpecificationIdentifier = xcode.lang.ruby; };
		B870022B9916C7AF8A291ABB /* Pods_CalorieTracker.framework */ = {isa = PBXFileReference; explicitFileType = wrapper.framework; includeInIndex = 0; path = Pods_CalorieTracker.framework; sourceTree = BUILT_PRODUCTS_DIR; };
		C7FB1708383B55922CD29C74 /* Pods_CalorieTracker_CalorieTrackerUITests.framework */ = {isa = PBXFileReference; explicitFileType = wrapper.framework; includeInIndex = 0; path = Pods_CalorieTracker_CalorieTrackerUITests.framework; sourceTree = BUILT_PRODUCTS_DIR; };
		F6BBD8BA93B36C46E18D6020 /* Pods-CalorieTrackerTests.debug.xcconfig */ = {isa = PBXFileReference; includeInIndex = 1; lastKnownFileType = text.xcconfig; name = "Pods-CalorieTrackerTests.debug.xcconfig"; path = "Target Support Files/Pods-CalorieTrackerTests/Pods-CalorieTrackerTests.debug.xcconfig"; sourceTree = "<group>"; };
		FF45B8F0C8818F73F20BA4C3 /* Pods-CalorieTrackerTests.release.xcconfig */ = {isa = PBXFileReference; includeInIndex = 1; lastKnownFileType = text.xcconfig; name = "Pods-CalorieTrackerTests.release.xcconfig"; path = "Target Support Files/Pods-CalorieTrackerTests/Pods-CalorieTrackerTests.release.xcconfig"; sourceTree = "<group>"; };
/* End PBXFileReference section */

/* Begin PBXFrameworksBuildPhase section */
		88584583246B0C60008BF66A /* Frameworks */ = {
			isa = PBXFrameworksBuildPhase;
			buildActionMask = 2147483647;
			files = (
				88FDA3BD246C8320006D2EB1 /* HealthKit.framework in Frameworks */,
				C97E27348DE5B824DB2D72CC /* Pods_CalorieTracker.framework in Frameworks */,
			);
			runOnlyForDeploymentPostprocessing = 0;
		};
		8858459C246B0C61008BF66A /* Frameworks */ = {
			isa = PBXFrameworksBuildPhase;
			buildActionMask = 2147483647;
			files = (
				2ACAD63873385B504F354E91 /* Pods_CalorieTrackerTests.framework in Frameworks */,
			);
			runOnlyForDeploymentPostprocessing = 0;
		};
		885845A7246B0C61008BF66A /* Frameworks */ = {
			isa = PBXFrameworksBuildPhase;
			buildActionMask = 2147483647;
			files = (
				D283394C32712B7C35CDCBFB /* Pods_CalorieTracker_CalorieTrackerUITests.framework in Frameworks */,
			);
			runOnlyForDeploymentPostprocessing = 0;
		};
/* End PBXFrameworksBuildPhase section */

/* Begin PBXGroup section */
		110A737BB8FA3EEE7778DC9D /* Pods */ = {
			isa = PBXGroup;
			children = (
				30735E5EB0D8DB587FF69ABD /* Pods-CalorieTracker.debug.xcconfig */,
				7337C0AA83F3A976520BEDAD /* Pods-CalorieTracker.release.xcconfig */,
				334F3EAB136DB67C49752307 /* Pods-CalorieTracker-CalorieTrackerUITests.debug.xcconfig */,
				564640520091AFB0412DADBD /* Pods-CalorieTracker-CalorieTrackerUITests.release.xcconfig */,
				F6BBD8BA93B36C46E18D6020 /* Pods-CalorieTrackerTests.debug.xcconfig */,
				FF45B8F0C8818F73F20BA4C3 /* Pods-CalorieTrackerTests.release.xcconfig */,
			);
			path = Pods;
			sourceTree = "<group>";
		};
		881680B9246BD0E900C76A2E /* Views */ = {
			isa = PBXGroup;
			children = (
				88D4294D246DF217007F6AF6 /* PageCell.swift */,
				881680B7246BCCB500C76A2E /* FoodCell.swift */,
				88FDA3B7246C55E8006D2EB1 /* TodaySummaryCell.swift */,
				88D4293B246D2DC7007F6AF6 /* FeedbackPageBulletinItem.swift */,
				88D42940246DBBFD007F6AF6 /* TitleStackView.swift */,
				88D42939246D2DB2007F6AF6 /* TextFieldBulletinPage.swift */,
				88D4293D246D2DFF007F6AF6 /* FeedbackGenerators.swift */,
			);
			path = Views;
			sourceTree = "<group>";
		};
		8822BF91246B7A6B00B73961 /* Models */ = {
			isa = PBXGroup;
			children = (
				88D4294B246DF214007F6AF6 /* Page.swift */,
				8822BF8D246B752800B73961 /* Food+CoreDataClass.swift */,
				8822BF8E246B752800B73961 /* Food+CoreDataProperties.swift */,
			);
			path = Models;
			sourceTree = "<group>";
		};
		8826C0EF246B12C4005D4D08 /* Storyboards */ = {
			isa = PBXGroup;
			children = (
				88584597246B0C61008BF66A /* LaunchScreen.storyboard */,
				8858458F246B0C60008BF66A /* Main.storyboard */,
				885845BC246B0D3F008BF66A /* MyFood.storyboard */,
				885845BE246B0D90008BF66A /* Today.storyboard */,
				885845C0246B0DD6008BF66A /* Trends.storyboard */,
			);
			path = Storyboards;
			sourceTree = "<group>";
		};
		8826C0F4246B1368005D4D08 /* ViewControllers */ = {
			isa = PBXGroup;
			children = (
				88D4294F246DF368007F6AF6 /* Onboarding */,
				88BE4798246B3FE500728B13 /* MyFood */,
				88FDA3BF246C9A87006D2EB1 /* Trends */,
				88C6F5C1246B88AD0098D66D /* Today */,
			);
			path = ViewControllers;
			sourceTree = "<group>";
		};
		8858457D246B0C60008BF66A = {
			isa = PBXGroup;
			children = (
				88584588246B0C60008BF66A /* CalorieTracker */,
				885845A2246B0C61008BF66A /* CalorieTrackerTests */,
				885845AD246B0C61008BF66A /* CalorieTrackerUITests */,
				88584587246B0C60008BF66A /* Products */,
				88FDA3BB246C8320006D2EB1 /* Frameworks */,
				110A737BB8FA3EEE7778DC9D /* Pods */,
			);
			sourceTree = "<group>";
		};
		88584587246B0C60008BF66A /* Products */ = {
			isa = PBXGroup;
			children = (
				88584586246B0C60008BF66A /* CalorieTracker.app */,
				8858459F246B0C61008BF66A /* CalorieTrackerTests.xctest */,
				885845AA246B0C61008BF66A /* CalorieTrackerUITests.xctest */,
			);
			name = Products;
			sourceTree = "<group>";
		};
		88584588246B0C60008BF66A /* CalorieTracker */ = {
			isa = PBXGroup;
			children = (
				88FDA3BA246C8320006D2EB1 /* CalorieTracker.entitlements */,
				88584589246B0C60008BF66A /* AppDelegate.swift */,
				8858458B246B0C60008BF66A /* SceneDelegate.swift */,
				88D42944246DBC3B007F6AF6 /* Extensions */,
				88D4293F246DBBBB007F6AF6 /* Persistence Service */,
				88FDA3B9246C8288006D2EB1 /* ViewModels */,
				881680B9246BD0E900C76A2E /* Views */,
				8822BF91246B7A6B00B73961 /* Models */,
				8826C0F4246B1368005D4D08 /* ViewControllers */,
				8826C0EF246B12C4005D4D08 /* Storyboards */,
				88584595246B0C61008BF66A /* Assets.xcassets */,
				88FDA3C0246C9B5B006D2EB1 /* Podfile */,
				8858459A246B0C61008BF66A /* Info.plist */,
				88584592246B0C60008BF66A /* CalorieTracker.xcdatamodeld */,
			);
			path = CalorieTracker;
			sourceTree = "<group>";
		};
		885845A2246B0C61008BF66A /* CalorieTrackerTests */ = {
			isa = PBXGroup;
			children = (
				885845A3246B0C61008BF66A /* CalorieTrackerTests.swift */,
				885845A5246B0C61008BF66A /* Info.plist */,
			);
			path = CalorieTrackerTests;
			sourceTree = "<group>";
		};
		885845AD246B0C61008BF66A /* CalorieTrackerUITests */ = {
			isa = PBXGroup;
			children = (
				885845AE246B0C61008BF66A /* CalorieTrackerUITests.swift */,
				885845B0246B0C61008BF66A /* Info.plist */,
			);
			path = CalorieTrackerUITests;
			sourceTree = "<group>";
		};
		88BE4798246B3FE500728B13 /* MyFood */ = {
			isa = PBXGroup;
			children = (
				88BE4796246B3FDD00728B13 /* AddFoodViewController.swift */,
				8858458D246B0C60008BF66A /* MyFoodViewController.swift */,
			);
			path = MyFood;
			sourceTree = "<group>";
		};
		88C6F5C1246B88AD0098D66D /* Today */ = {
			isa = PBXGroup;
			children = (
				8826C0F2246B1360005D4D08 /* TodayViewController.swift */,
				881680BA246BD14C00C76A2E /* AddFoodTodayViewController.swift */,
			);
			path = Today;
			sourceTree = "<group>";
		};
		88D4293F246DBBBB007F6AF6 /* Persistence Service */ = {
			isa = PBXGroup;
			children = (
				8822BF8B246B725A00B73961 /* PersistanceService.swift */,
			);
			path = "Persistence Service";
			sourceTree = "<group>";
		};
		88D42944246DBC3B007F6AF6 /* Extensions */ = {
			isa = PBXGroup;
			children = (
				88D42942246DBC2D007F6AF6 /* UIViewExtensions.swift */,
				884C85FE246DFCCC00F86396 /* TableViewExtensions.swift */,
				88D42945246DBC60007F6AF6 /* StringExtensions.swift */,
				88D42947246DBCFE007F6AF6 /* UIColorExtensions.swift */,
			);
			path = Extensions;
			sourceTree = "<group>";
		};
		88D4294F246DF368007F6AF6 /* Onboarding */ = {
			isa = PBXGroup;
			children = (
				88D42949246DF1F1007F6AF6 /* PageController.swift */,
			);
			path = Onboarding;
			sourceTree = "<group>";
		};
		88FDA3B9246C8288006D2EB1 /* ViewModels */ = {
			isa = PBXGroup;
			children = (
				8822BF89246B425300B73961 /* MyFoodViewControllerViewModel.swift */,
				88C6F5C2246B88BF0098D66D /* TodayViewModel.swift */,
				889C2556246CC4D000C51257 /* TrendsViewModel.swift */,
			);
			path = ViewModels;
			sourceTree = "<group>";
		};
		88FDA3BB246C8320006D2EB1 /* Frameworks */ = {
			isa = PBXGroup;
			children = (
				88FDA3BC246C8320006D2EB1 /* HealthKit.framework */,
				B870022B9916C7AF8A291ABB /* Pods_CalorieTracker.framework */,
				C7FB1708383B55922CD29C74 /* Pods_CalorieTracker_CalorieTrackerUITests.framework */,
				4047A9DA6F56FD0277819627 /* Pods_CalorieTrackerTests.framework */,
			);
			name = Frameworks;
			sourceTree = "<group>";
		};
		88FDA3BF246C9A87006D2EB1 /* Trends */ = {
			isa = PBXGroup;
			children = (
				8826C0F0246B1354005D4D08 /* TrendsViewController.swift */,
			);
			path = Trends;
			sourceTree = "<group>";
		};
/* End PBXGroup section */

/* Begin PBXNativeTarget section */
		88584585246B0C60008BF66A /* CalorieTracker */ = {
			isa = PBXNativeTarget;
			buildConfigurationList = 885845B3246B0C61008BF66A /* Build configuration list for PBXNativeTarget "CalorieTracker" */;
			buildPhases = (
				C6FA6BD8C80175CC2E7A75E5 /* [CP] Check Pods Manifest.lock */,
				88584582246B0C60008BF66A /* Sources */,
				88584583246B0C60008BF66A /* Frameworks */,
				88584584246B0C60008BF66A /* Resources */,
				8F1634396C2FE4DB01F1B5E9 /* [CP] Embed Pods Frameworks */,
			);
			buildRules = (
			);
			dependencies = (
			);
			name = CalorieTracker;
			productName = CalorieTracker;
			productReference = 88584586246B0C60008BF66A /* CalorieTracker.app */;
			productType = "com.apple.product-type.application";
		};
		8858459E246B0C61008BF66A /* CalorieTrackerTests */ = {
			isa = PBXNativeTarget;
			buildConfigurationList = 885845B6246B0C61008BF66A /* Build configuration list for PBXNativeTarget "CalorieTrackerTests" */;
			buildPhases = (
				BAFC65F43348D40377A5E0F2 /* [CP] Check Pods Manifest.lock */,
				8858459B246B0C61008BF66A /* Sources */,
				8858459C246B0C61008BF66A /* Frameworks */,
				8858459D246B0C61008BF66A /* Resources */,
			);
			buildRules = (
			);
			dependencies = (
				885845A1246B0C61008BF66A /* PBXTargetDependency */,
			);
			name = CalorieTrackerTests;
			productName = CalorieTrackerTests;
			productReference = 8858459F246B0C61008BF66A /* CalorieTrackerTests.xctest */;
			productType = "com.apple.product-type.bundle.unit-test";
		};
		885845A9246B0C61008BF66A /* CalorieTrackerUITests */ = {
			isa = PBXNativeTarget;
			buildConfigurationList = 885845B9246B0C61008BF66A /* Build configuration list for PBXNativeTarget "CalorieTrackerUITests" */;
			buildPhases = (
				8081642264B0BD9C765624CA /* [CP] Check Pods Manifest.lock */,
				885845A6246B0C61008BF66A /* Sources */,
				885845A7246B0C61008BF66A /* Frameworks */,
				885845A8246B0C61008BF66A /* Resources */,
				902BBB1CBFABFC3B24A4B6FB /* [CP] Embed Pods Frameworks */,
			);
			buildRules = (
			);
			dependencies = (
				885845AC246B0C61008BF66A /* PBXTargetDependency */,
			);
			name = CalorieTrackerUITests;
			productName = CalorieTrackerUITests;
			productReference = 885845AA246B0C61008BF66A /* CalorieTrackerUITests.xctest */;
			productType = "com.apple.product-type.bundle.ui-testing";
		};
/* End PBXNativeTarget section */

/* Begin PBXProject section */
		8858457E246B0C60008BF66A /* Project object */ = {
			isa = PBXProject;
			attributes = {
				LastSwiftUpdateCheck = 1140;
				LastUpgradeCheck = 1140;
				ORGANIZATIONNAME = "Jason Zheng";
				TargetAttributes = {
					88584585246B0C60008BF66A = {
						CreatedOnToolsVersion = 11.4.1;
					};
					8858459E246B0C61008BF66A = {
						CreatedOnToolsVersion = 11.4.1;
						TestTargetID = 88584585246B0C60008BF66A;
					};
					885845A9246B0C61008BF66A = {
						CreatedOnToolsVersion = 11.4.1;
						TestTargetID = 88584585246B0C60008BF66A;
					};
				};
			};
			buildConfigurationList = 88584581246B0C60008BF66A /* Build configuration list for PBXProject "CalorieTracker" */;
			compatibilityVersion = "Xcode 9.3";
			developmentRegion = en;
			hasScannedForEncodings = 0;
			knownRegions = (
				en,
				Base,
			);
			mainGroup = 8858457D246B0C60008BF66A;
			productRefGroup = 88584587246B0C60008BF66A /* Products */;
			projectDirPath = "";
			projectRoot = "";
			targets = (
				88584585246B0C60008BF66A /* CalorieTracker */,
				8858459E246B0C61008BF66A /* CalorieTrackerTests */,
				885845A9246B0C61008BF66A /* CalorieTrackerUITests */,
			);
		};
/* End PBXProject section */

/* Begin PBXResourcesBuildPhase section */
		88584584246B0C60008BF66A /* Resources */ = {
			isa = PBXResourcesBuildPhase;
			buildActionMask = 2147483647;
			files = (
				88584599246B0C61008BF66A /* LaunchScreen.storyboard in Resources */,
				885845BF246B0D90008BF66A /* Today.storyboard in Resources */,
				88584596246B0C61008BF66A /* Assets.xcassets in Resources */,
				885845BD246B0D3F008BF66A /* MyFood.storyboard in Resources */,
				885845C1246B0DD6008BF66A /* Trends.storyboard in Resources */,
				88FDA3C1246C9B5C006D2EB1 /* Podfile in Resources */,
				88584591246B0C60008BF66A /* Main.storyboard in Resources */,
			);
			runOnlyForDeploymentPostprocessing = 0;
		};
		8858459D246B0C61008BF66A /* Resources */ = {
			isa = PBXResourcesBuildPhase;
			buildActionMask = 2147483647;
			files = (
			);
			runOnlyForDeploymentPostprocessing = 0;
		};
		885845A8246B0C61008BF66A /* Resources */ = {
			isa = PBXResourcesBuildPhase;
			buildActionMask = 2147483647;
			files = (
			);
			runOnlyForDeploymentPostprocessing = 0;
		};
/* End PBXResourcesBuildPhase section */

/* Begin PBXShellScriptBuildPhase section */
		8081642264B0BD9C765624CA /* [CP] Check Pods Manifest.lock */ = {
			isa = PBXShellScriptBuildPhase;
			buildActionMask = 2147483647;
			files = (
			);
			inputFileListPaths = (
			);
			inputPaths = (
				"${PODS_PODFILE_DIR_PATH}/Podfile.lock",
				"${PODS_ROOT}/Manifest.lock",
			);
			name = "[CP] Check Pods Manifest.lock";
			outputFileListPaths = (
			);
			outputPaths = (
				"$(DERIVED_FILE_DIR)/Pods-CalorieTracker-CalorieTrackerUITests-checkManifestLockResult.txt",
			);
			runOnlyForDeploymentPostprocessing = 0;
			shellPath = /bin/sh;
			shellScript = "diff \"${PODS_PODFILE_DIR_PATH}/Podfile.lock\" \"${PODS_ROOT}/Manifest.lock\" > /dev/null\nif [ $? != 0 ] ; then\n    # print error to STDERR\n    echo \"error: The sandbox is not in sync with the Podfile.lock. Run 'pod install' or update your CocoaPods installation.\" >&2\n    exit 1\nfi\n# This output is used by Xcode 'outputs' to avoid re-running this script phase.\necho \"SUCCESS\" > \"${SCRIPT_OUTPUT_FILE_0}\"\n";
			showEnvVarsInLog = 0;
		};
		8F1634396C2FE4DB01F1B5E9 /* [CP] Embed Pods Frameworks */ = {
			isa = PBXShellScriptBuildPhase;
			buildActionMask = 2147483647;
			files = (
			);
			inputFileListPaths = (
				"${PODS_ROOT}/Target Support Files/Pods-CalorieTracker/Pods-CalorieTracker-frameworks-${CONFIGURATION}-input-files.xcfilelist",
			);
			name = "[CP] Embed Pods Frameworks";
			outputFileListPaths = (
				"${PODS_ROOT}/Target Support Files/Pods-CalorieTracker/Pods-CalorieTracker-frameworks-${CONFIGURATION}-output-files.xcfilelist",
			);
			runOnlyForDeploymentPostprocessing = 0;
			shellPath = /bin/sh;
			shellScript = "\"${PODS_ROOT}/Target Support Files/Pods-CalorieTracker/Pods-CalorieTracker-frameworks.sh\"\n";
			showEnvVarsInLog = 0;
		};
		902BBB1CBFABFC3B24A4B6FB /* [CP] Embed Pods Frameworks */ = {
			isa = PBXShellScriptBuildPhase;
			buildActionMask = 2147483647;
			files = (
			);
			inputFileListPaths = (
				"${PODS_ROOT}/Target Support Files/Pods-CalorieTracker-CalorieTrackerUITests/Pods-CalorieTracker-CalorieTrackerUITests-frameworks-${CONFIGURATION}-input-files.xcfilelist",
			);
			name = "[CP] Embed Pods Frameworks";
			outputFileListPaths = (
				"${PODS_ROOT}/Target Support Files/Pods-CalorieTracker-CalorieTrackerUITests/Pods-CalorieTracker-CalorieTrackerUITests-frameworks-${CONFIGURATION}-output-files.xcfilelist",
			);
			runOnlyForDeploymentPostprocessing = 0;
			shellPath = /bin/sh;
			shellScript = "\"${PODS_ROOT}/Target Support Files/Pods-CalorieTracker-CalorieTrackerUITests/Pods-CalorieTracker-CalorieTrackerUITests-frameworks.sh\"\n";
			showEnvVarsInLog = 0;
		};
		BAFC65F43348D40377A5E0F2 /* [CP] Check Pods Manifest.lock */ = {
			isa = PBXShellScriptBuildPhase;
			buildActionMask = 2147483647;
			files = (
			);
			inputFileListPaths = (
			);
			inputPaths = (
				"${PODS_PODFILE_DIR_PATH}/Podfile.lock",
				"${PODS_ROOT}/Manifest.lock",
			);
			name = "[CP] Check Pods Manifest.lock";
			outputFileListPaths = (
			);
			outputPaths = (
				"$(DERIVED_FILE_DIR)/Pods-CalorieTrackerTests-checkManifestLockResult.txt",
			);
			runOnlyForDeploymentPostprocessing = 0;
			shellPath = /bin/sh;
			shellScript = "diff \"${PODS_PODFILE_DIR_PATH}/Podfile.lock\" \"${PODS_ROOT}/Manifest.lock\" > /dev/null\nif [ $? != 0 ] ; then\n    # print error to STDERR\n    echo \"error: The sandbox is not in sync with the Podfile.lock. Run 'pod install' or update your CocoaPods installation.\" >&2\n    exit 1\nfi\n# This output is used by Xcode 'outputs' to avoid re-running this script phase.\necho \"SUCCESS\" > \"${SCRIPT_OUTPUT_FILE_0}\"\n";
			showEnvVarsInLog = 0;
		};
		C6FA6BD8C80175CC2E7A75E5 /* [CP] Check Pods Manifest.lock */ = {
			isa = PBXShellScriptBuildPhase;
			buildActionMask = 2147483647;
			files = (
			);
			inputFileListPaths = (
			);
			inputPaths = (
				"${PODS_PODFILE_DIR_PATH}/Podfile.lock",
				"${PODS_ROOT}/Manifest.lock",
			);
			name = "[CP] Check Pods Manifest.lock";
			outputFileListPaths = (
			);
			outputPaths = (
				"$(DERIVED_FILE_DIR)/Pods-CalorieTracker-checkManifestLockResult.txt",
			);
			runOnlyForDeploymentPostprocessing = 0;
			shellPath = /bin/sh;
			shellScript = "diff \"${PODS_PODFILE_DIR_PATH}/Podfile.lock\" \"${PODS_ROOT}/Manifest.lock\" > /dev/null\nif [ $? != 0 ] ; then\n    # print error to STDERR\n    echo \"error: The sandbox is not in sync with the Podfile.lock. Run 'pod install' or update your CocoaPods installation.\" >&2\n    exit 1\nfi\n# This output is used by Xcode 'outputs' to avoid re-running this script phase.\necho \"SUCCESS\" > \"${SCRIPT_OUTPUT_FILE_0}\"\n";
			showEnvVarsInLog = 0;
		};
/* End PBXShellScriptBuildPhase section */

/* Begin PBXSourcesBuildPhase section */
		88584582246B0C60008BF66A /* Sources */ = {
			isa = PBXSourcesBuildPhase;
			buildActionMask = 2147483647;
			files = (
				8858458E246B0C60008BF66A /* MyFoodViewController.swift in Sources */,
				88D42943246DBC2D007F6AF6 /* UIViewExtensions.swift in Sources */,
				8858458A246B0C60008BF66A /* AppDelegate.swift in Sources */,
				88D42941246DBBFD007F6AF6 /* TitleStackView.swift in Sources */,
				8822BF8F246B752800B73961 /* Food+CoreDataClass.swift in Sources */,
				88D4293E246D2DFF007F6AF6 /* FeedbackGenerators.swift in Sources */,
				88D42946246DBC60007F6AF6 /* StringExtensions.swift in Sources */,
				88C6F5C3246B88BF0098D66D /* TodayViewModel.swift in Sources */,
				884C85FF246DFCCC00F86396 /* TableViewExtensions.swift in Sources */,
				88D4294E246DF217007F6AF6 /* PageCell.swift in Sources */,
				88D4294A246DF1F2007F6AF6 /* PageController.swift in Sources */,
				881680B8246BCCB500C76A2E /* FoodCell.swift in Sources */,
				8822BF8A246B425300B73961 /* MyFoodViewControllerViewModel.swift in Sources */,
				8826C0F3246B1360005D4D08 /* TodayViewController.swift in Sources */,
				88584594246B0C60008BF66A /* CalorieTracker.xcdatamodeld in Sources */,
				8826C0F1246B1354005D4D08 /* TrendsViewController.swift in Sources */,
				88D4294C246DF214007F6AF6 /* Page.swift in Sources */,
				88FDA3B8246C55E8006D2EB1 /* TodaySummaryCell.swift in Sources */,
				88D4293A246D2DB2007F6AF6 /* TextFieldBulletinPage.swift in Sources */,
				88D42948246DBCFE007F6AF6 /* UIColorExtensions.swift in Sources */,
				88BE4797246B3FDD00728B13 /* AddFoodViewController.swift in Sources */,
				8858458C246B0C60008BF66A /* SceneDelegate.swift in Sources */,
				889C2557246CC4D000C51257 /* TrendsViewModel.swift in Sources */,
				8822BF8C246B725A00B73961 /* PersistanceService.swift in Sources */,
				881680BB246BD14C00C76A2E /* AddFoodTodayViewController.swift in Sources */,
				8822BF90246B752800B73961 /* Food+CoreDataProperties.swift in Sources */,
				88D4293C246D2DC7007F6AF6 /* FeedbackPageBulletinItem.swift in Sources */,
			);
			runOnlyForDeploymentPostprocessing = 0;
		};
		8858459B246B0C61008BF66A /* Sources */ = {
			isa = PBXSourcesBuildPhase;
			buildActionMask = 2147483647;
			files = (
				885845A4246B0C61008BF66A /* CalorieTrackerTests.swift in Sources */,
			);
			runOnlyForDeploymentPostprocessing = 0;
		};
		885845A6246B0C61008BF66A /* Sources */ = {
			isa = PBXSourcesBuildPhase;
			buildActionMask = 2147483647;
			files = (
				885845AF246B0C61008BF66A /* CalorieTrackerUITests.swift in Sources */,
			);
			runOnlyForDeploymentPostprocessing = 0;
		};
/* End PBXSourcesBuildPhase section */

/* Begin PBXTargetDependency section */
		885845A1246B0C61008BF66A /* PBXTargetDependency */ = {
			isa = PBXTargetDependency;
			target = 88584585246B0C60008BF66A /* CalorieTracker */;
			targetProxy = 885845A0246B0C61008BF66A /* PBXContainerItemProxy */;
		};
		885845AC246B0C61008BF66A /* PBXTargetDependency */ = {
			isa = PBXTargetDependency;
			target = 88584585246B0C60008BF66A /* CalorieTracker */;
			targetProxy = 885845AB246B0C61008BF66A /* PBXContainerItemProxy */;
		};
/* End PBXTargetDependency section */

/* Begin PBXVariantGroup section */
		8858458F246B0C60008BF66A /* Main.storyboard */ = {
			isa = PBXVariantGroup;
			children = (
				88584590246B0C60008BF66A /* Base */,
			);
			name = Main.storyboard;
			sourceTree = "<group>";
		};
		88584597246B0C61008BF66A /* LaunchScreen.storyboard */ = {
			isa = PBXVariantGroup;
			children = (
				88584598246B0C61008BF66A /* Base */,
			);
			name = LaunchScreen.storyboard;
			sourceTree = "<group>";
		};
/* End PBXVariantGroup section */

/* Begin XCBuildConfiguration section */
		885845B1246B0C61008BF66A /* Debug */ = {
			isa = XCBuildConfiguration;
			buildSettings = {
				ALWAYS_SEARCH_USER_PATHS = NO;
				CLANG_ANALYZER_NONNULL = YES;
				CLANG_ANALYZER_NUMBER_OBJECT_CONVERSION = YES_AGGRESSIVE;
				CLANG_CXX_LANGUAGE_STANDARD = "gnu++14";
				CLANG_CXX_LIBRARY = "libc++";
				CLANG_ENABLE_MODULES = YES;
				CLANG_ENABLE_OBJC_ARC = YES;
				CLANG_ENABLE_OBJC_WEAK = YES;
				CLANG_WARN_BLOCK_CAPTURE_AUTORELEASING = YES;
				CLANG_WARN_BOOL_CONVERSION = YES;
				CLANG_WARN_COMMA = YES;
				CLANG_WARN_CONSTANT_CONVERSION = YES;
				CLANG_WARN_DEPRECATED_OBJC_IMPLEMENTATIONS = YES;
				CLANG_WARN_DIRECT_OBJC_ISA_USAGE = YES_ERROR;
				CLANG_WARN_DOCUMENTATION_COMMENTS = YES;
				CLANG_WARN_EMPTY_BODY = YES;
				CLANG_WARN_ENUM_CONVERSION = YES;
				CLANG_WARN_INFINITE_RECURSION = YES;
				CLANG_WARN_INT_CONVERSION = YES;
				CLANG_WARN_NON_LITERAL_NULL_CONVERSION = YES;
				CLANG_WARN_OBJC_IMPLICIT_RETAIN_SELF = YES;
				CLANG_WARN_OBJC_LITERAL_CONVERSION = YES;
				CLANG_WARN_OBJC_ROOT_CLASS = YES_ERROR;
				CLANG_WARN_RANGE_LOOP_ANALYSIS = YES;
				CLANG_WARN_STRICT_PROTOTYPES = YES;
				CLANG_WARN_SUSPICIOUS_MOVE = YES;
				CLANG_WARN_UNGUARDED_AVAILABILITY = YES_AGGRESSIVE;
				CLANG_WARN_UNREACHABLE_CODE = YES;
				CLANG_WARN__DUPLICATE_METHOD_MATCH = YES;
				COPY_PHASE_STRIP = NO;
				DEBUG_INFORMATION_FORMAT = dwarf;
				ENABLE_STRICT_OBJC_MSGSEND = YES;
				ENABLE_TESTABILITY = YES;
				GCC_C_LANGUAGE_STANDARD = gnu11;
				GCC_DYNAMIC_NO_PIC = NO;
				GCC_NO_COMMON_BLOCKS = YES;
				GCC_OPTIMIZATION_LEVEL = 0;
				GCC_PREPROCESSOR_DEFINITIONS = (
					"DEBUG=1",
					"$(inherited)",
				);
				GCC_WARN_64_TO_32_BIT_CONVERSION = YES;
				GCC_WARN_ABOUT_RETURN_TYPE = YES_ERROR;
				GCC_WARN_UNDECLARED_SELECTOR = YES;
				GCC_WARN_UNINITIALIZED_AUTOS = YES_AGGRESSIVE;
				GCC_WARN_UNUSED_FUNCTION = YES;
				GCC_WARN_UNUSED_VARIABLE = YES;
				IPHONEOS_DEPLOYMENT_TARGET = 13.4;
				MTL_ENABLE_DEBUG_INFO = INCLUDE_SOURCE;
				MTL_FAST_MATH = YES;
				ONLY_ACTIVE_ARCH = YES;
				SDKROOT = iphoneos;
				SWIFT_ACTIVE_COMPILATION_CONDITIONS = DEBUG;
				SWIFT_OPTIMIZATION_LEVEL = "-Onone";
			};
			name = Debug;
		};
		885845B2246B0C61008BF66A /* Release */ = {
			isa = XCBuildConfiguration;
			buildSettings = {
				ALWAYS_SEARCH_USER_PATHS = NO;
				CLANG_ANALYZER_NONNULL = YES;
				CLANG_ANALYZER_NUMBER_OBJECT_CONVERSION = YES_AGGRESSIVE;
				CLANG_CXX_LANGUAGE_STANDARD = "gnu++14";
				CLANG_CXX_LIBRARY = "libc++";
				CLANG_ENABLE_MODULES = YES;
				CLANG_ENABLE_OBJC_ARC = YES;
				CLANG_ENABLE_OBJC_WEAK = YES;
				CLANG_WARN_BLOCK_CAPTURE_AUTORELEASING = YES;
				CLANG_WARN_BOOL_CONVERSION = YES;
				CLANG_WARN_COMMA = YES;
				CLANG_WARN_CONSTANT_CONVERSION = YES;
				CLANG_WARN_DEPRECATED_OBJC_IMPLEMENTATIONS = YES;
				CLANG_WARN_DIRECT_OBJC_ISA_USAGE = YES_ERROR;
				CLANG_WARN_DOCUMENTATION_COMMENTS = YES;
				CLANG_WARN_EMPTY_BODY = YES;
				CLANG_WARN_ENUM_CONVERSION = YES;
				CLANG_WARN_INFINITE_RECURSION = YES;
				CLANG_WARN_INT_CONVERSION = YES;
				CLANG_WARN_NON_LITERAL_NULL_CONVERSION = YES;
				CLANG_WARN_OBJC_IMPLICIT_RETAIN_SELF = YES;
				CLANG_WARN_OBJC_LITERAL_CONVERSION = YES;
				CLANG_WARN_OBJC_ROOT_CLASS = YES_ERROR;
				CLANG_WARN_RANGE_LOOP_ANALYSIS = YES;
				CLANG_WARN_STRICT_PROTOTYPES = YES;
				CLANG_WARN_SUSPICIOUS_MOVE = YES;
				CLANG_WARN_UNGUARDED_AVAILABILITY = YES_AGGRESSIVE;
				CLANG_WARN_UNREACHABLE_CODE = YES;
				CLANG_WARN__DUPLICATE_METHOD_MATCH = YES;
				COPY_PHASE_STRIP = NO;
				DEBUG_INFORMATION_FORMAT = "dwarf-with-dsym";
				ENABLE_NS_ASSERTIONS = NO;
				ENABLE_STRICT_OBJC_MSGSEND = YES;
				GCC_C_LANGUAGE_STANDARD = gnu11;
				GCC_NO_COMMON_BLOCKS = YES;
				GCC_WARN_64_TO_32_BIT_CONVERSION = YES;
				GCC_WARN_ABOUT_RETURN_TYPE = YES_ERROR;
				GCC_WARN_UNDECLARED_SELECTOR = YES;
				GCC_WARN_UNINITIALIZED_AUTOS = YES_AGGRESSIVE;
				GCC_WARN_UNUSED_FUNCTION = YES;
				GCC_WARN_UNUSED_VARIABLE = YES;
				IPHONEOS_DEPLOYMENT_TARGET = 13.4;
				MTL_ENABLE_DEBUG_INFO = NO;
				MTL_FAST_MATH = YES;
				SDKROOT = iphoneos;
				SWIFT_COMPILATION_MODE = wholemodule;
				SWIFT_OPTIMIZATION_LEVEL = "-O";
				VALIDATE_PRODUCT = YES;
			};
			name = Release;
		};
		885845B4246B0C61008BF66A /* Debug */ = {
			isa = XCBuildConfiguration;
			baseConfigurationReference = 30735E5EB0D8DB587FF69ABD /* Pods-CalorieTracker.debug.xcconfig */;
			buildSettings = {
				ASSETCATALOG_COMPILER_APPICON_NAME = AppIcon;
				CODE_SIGN_ENTITLEMENTS = CalorieTracker/CalorieTracker.entitlements;
				CODE_SIGN_STYLE = Automatic;
				DEVELOPMENT_TEAM = V5WFPWBDLH;
				INFOPLIST_FILE = CalorieTracker/Info.plist;
				LD_RUNPATH_SEARCH_PATHS = (
					"$(inherited)",
					"@executable_path/Frameworks",
				);
				PRODUCT_BUNDLE_IDENTIFIER = com.JZ.CalorieTracker;
				PRODUCT_NAME = "$(TARGET_NAME)";
				SWIFT_VERSION = 5.0;
				TARGETED_DEVICE_FAMILY = "1,2";
			};
			name = Debug;
		};
		885845B5246B0C61008BF66A /* Release */ = {
			isa = XCBuildConfiguration;
			baseConfigurationReference = 7337C0AA83F3A976520BEDAD /* Pods-CalorieTracker.release.xcconfig */;
			buildSettings = {
				ASSETCATALOG_COMPILER_APPICON_NAME = AppIcon;
				CODE_SIGN_ENTITLEMENTS = CalorieTracker/CalorieTracker.entitlements;
				CODE_SIGN_STYLE = Automatic;
				DEVELOPMENT_TEAM = V5WFPWBDLH;
				INFOPLIST_FILE = CalorieTracker/Info.plist;
				LD_RUNPATH_SEARCH_PATHS = (
					"$(inherited)",
					"@executable_path/Frameworks",
				);
				PRODUCT_BUNDLE_IDENTIFIER = com.JZ.CalorieTracker;
				PRODUCT_NAME = "$(TARGET_NAME)";
				SWIFT_VERSION = 5.0;
				TARGETED_DEVICE_FAMILY = "1,2";
			};
			name = Release;
		};
		885845B7246B0C61008BF66A /* Debug */ = {
			isa = XCBuildConfiguration;
			baseConfigurationReference = F6BBD8BA93B36C46E18D6020 /* Pods-CalorieTrackerTests.debug.xcconfig */;
			buildSettings = {
				ALWAYS_EMBED_SWIFT_STANDARD_LIBRARIES = YES;
				BUNDLE_LOADER = "$(TEST_HOST)";
				CODE_SIGN_STYLE = Automatic;
				DEVELOPMENT_TEAM = V5WFPWBDLH;
				INFOPLIST_FILE = CalorieTrackerTests/Info.plist;
				IPHONEOS_DEPLOYMENT_TARGET = 13.4;
				LD_RUNPATH_SEARCH_PATHS = (
					"$(inherited)",
					"@executable_path/Frameworks",
					"@loader_path/Frameworks",
				);
				PRODUCT_BUNDLE_IDENTIFIER = com.JZ.CalorieTrackerTests;
				PRODUCT_NAME = "$(TARGET_NAME)";
				SWIFT_VERSION = 5.0;
				TARGETED_DEVICE_FAMILY = "1,2";
				TEST_HOST = "$(BUILT_PRODUCTS_DIR)/CalorieTracker.app/CalorieTracker";
			};
			name = Debug;
		};
		885845B8246B0C61008BF66A /* Release */ = {
			isa = XCBuildConfiguration;
			baseConfigurationReference = FF45B8F0C8818F73F20BA4C3 /* Pods-CalorieTrackerTests.release.xcconfig */;
			buildSettings = {
				ALWAYS_EMBED_SWIFT_STANDARD_LIBRARIES = YES;
				BUNDLE_LOADER = "$(TEST_HOST)";
				CODE_SIGN_STYLE = Automatic;
				DEVELOPMENT_TEAM = V5WFPWBDLH;
				INFOPLIST_FILE = CalorieTrackerTests/Info.plist;
				IPHONEOS_DEPLOYMENT_TARGET = 13.4;
				LD_RUNPATH_SEARCH_PATHS = (
					"$(inherited)",
					"@executable_path/Frameworks",
					"@loader_path/Frameworks",
				);
				PRODUCT_BUNDLE_IDENTIFIER = com.JZ.CalorieTrackerTests;
				PRODUCT_NAME = "$(TARGET_NAME)";
				SWIFT_VERSION = 5.0;
				TARGETED_DEVICE_FAMILY = "1,2";
				TEST_HOST = "$(BUILT_PRODUCTS_DIR)/CalorieTracker.app/CalorieTracker";
			};
			name = Release;
		};
		885845BA246B0C61008BF66A /* Debug */ = {
			isa = XCBuildConfiguration;
			baseConfigurationReference = 334F3EAB136DB67C49752307 /* Pods-CalorieTracker-CalorieTrackerUITests.debug.xcconfig */;
			buildSettings = {
				ALWAYS_EMBED_SWIFT_STANDARD_LIBRARIES = YES;
				CODE_SIGN_STYLE = Automatic;
				DEVELOPMENT_TEAM = V5WFPWBDLH;
				INFOPLIST_FILE = CalorieTrackerUITests/Info.plist;
				LD_RUNPATH_SEARCH_PATHS = (
					"$(inherited)",
					"@executable_path/Frameworks",
					"@loader_path/Frameworks",
				);
				PRODUCT_BUNDLE_IDENTIFIER = com.JZ.CalorieTrackerUITests;
				PRODUCT_NAME = "$(TARGET_NAME)";
				SWIFT_VERSION = 5.0;
				TARGETED_DEVICE_FAMILY = "1,2";
				TEST_TARGET_NAME = CalorieTracker;
			};
			name = Debug;
		};
		885845BB246B0C61008BF66A /* Release */ = {
			isa = XCBuildConfiguration;
			baseConfigurationReference = 564640520091AFB0412DADBD /* Pods-CalorieTracker-CalorieTrackerUITests.release.xcconfig */;
			buildSettings = {
				ALWAYS_EMBED_SWIFT_STANDARD_LIBRARIES = YES;
				CODE_SIGN_STYLE = Automatic;
				DEVELOPMENT_TEAM = V5WFPWBDLH;
				INFOPLIST_FILE = CalorieTrackerUITests/Info.plist;
				LD_RUNPATH_SEARCH_PATHS = (
					"$(inherited)",
					"@executable_path/Frameworks",
					"@loader_path/Frameworks",
				);
				PRODUCT_BUNDLE_IDENTIFIER = com.JZ.CalorieTrackerUITests;
				PRODUCT_NAME = "$(TARGET_NAME)";
				SWIFT_VERSION = 5.0;
				TARGETED_DEVICE_FAMILY = "1,2";
				TEST_TARGET_NAME = CalorieTracker;
			};
			name = Release;
		};
/* End XCBuildConfiguration section */

/* Begin XCConfigurationList section */
		88584581246B0C60008BF66A /* Build configuration list for PBXProject "CalorieTracker" */ = {
			isa = XCConfigurationList;
			buildConfigurations = (
				885845B1246B0C61008BF66A /* Debug */,
				885845B2246B0C61008BF66A /* Release */,
			);
			defaultConfigurationIsVisible = 0;
			defaultConfigurationName = Release;
		};
		885845B3246B0C61008BF66A /* Build configuration list for PBXNativeTarget "CalorieTracker" */ = {
			isa = XCConfigurationList;
			buildConfigurations = (
				885845B4246B0C61008BF66A /* Debug */,
				885845B5246B0C61008BF66A /* Release */,
			);
			defaultConfigurationIsVisible = 0;
			defaultConfigurationName = Release;
		};
		885845B6246B0C61008BF66A /* Build configuration list for PBXNativeTarget "CalorieTrackerTests" */ = {
			isa = XCConfigurationList;
			buildConfigurations = (
				885845B7246B0C61008BF66A /* Debug */,
				885845B8246B0C61008BF66A /* Release */,
			);
			defaultConfigurationIsVisible = 0;
			defaultConfigurationName = Release;
		};
		885845B9246B0C61008BF66A /* Build configuration list for PBXNativeTarget "CalorieTrackerUITests" */ = {
			isa = XCConfigurationList;
			buildConfigurations = (
				885845BA246B0C61008BF66A /* Debug */,
				885845BB246B0C61008BF66A /* Release */,
			);
			defaultConfigurationIsVisible = 0;
			defaultConfigurationName = Release;
		};
/* End XCConfigurationList section */

/* Begin XCVersionGroup section */
		88584592246B0C60008BF66A /* CalorieTracker.xcdatamodeld */ = {
			isa = XCVersionGroup;
			children = (
				88584593246B0C60008BF66A /* CalorieTracker.xcdatamodel */,
			);
			currentVersion = 88584593246B0C60008BF66A /* CalorieTracker.xcdatamodel */;
			path = CalorieTracker.xcdatamodeld;
			sourceTree = "<group>";
			versionGroupType = wrapper.xcdatamodel;
		};
/* End XCVersionGroup section */
	};
	rootObject = 8858457E246B0C60008BF66A /* Project object */;
}
